
Microsoft Visual Studio Solution File, Format Version 12.00
# Visual Studio 15
VisualStudioVersion = 15.0.28307.168
MinimumVisualStudioVersion = 10.0.40219.1
Project("{FAE04EC0-301F-11D3-BF4B-00C04F79EFBC}") = "assignment 4", "assignment 4\assignment 4.csproj", "{BB0B48D3-38CD-48C1-97A8-276043580F98}"
EndProject
Global
	GlobalSection(SolutionConfigurationPlatforms) = preSolution
		Debug|Any CPU = Debug|Any CPU
		Release|Any CPU = Release|Any CPU
	EndGlobalSection
	GlobalSection(ProjectConfigurationPlatforms) = postSolution
		{BB0B48D3-38CD-48C1-97A8-276043580F98}.Debug|Any CPU.ActiveCfg = Debug|Any CPU
		{BB0B48D3-38CD-48C1-97A8-276043580F98}.Debug|Any CPU.Build.0 = Debug|Any CPU
		{BB0B48D3-38CD-48C1-97A8-276043580F98}.Release|Any CPU.ActiveCfg = Release|Any CPU
		{BB0B48D3-38CD-48C1-97A8-276043580F98}.Release|Any CPU.Build.0 = Release|Any CPU
	EndGlobalSection
	GlobalSection(SolutionProperties) = preSolution
		HideSolutionNode = FALSE
	EndGlobalSection
	GlobalSection(ExtensibilityGlobals) = postSolution
		SolutionGuid = {4166EA9E-AF00-4EDA-AE95-45990DC20C6B}
	EndGlobalSection
EndGlobal
